
Microsoft Visual Studio Solution File, Format Version 12.00
# Visual Studio Version 16
VisualStudioVersion = 16.0.30621.155
MinimumVisualStudioVersion = 10.0.40219.1
Project("{FAE04EC0-301F-11D3-BF4B-00C04F79EFBC}") = "RazorPagesMovie", "RazorPagesMovie\RazorPagesMovie.csproj", "{1B3512B3-743E-4E51-94F1-C9755B9B807D}"
EndProject
Global
	GlobalSection(SolutionConfigurationPlatforms) = preSolution
		Debug|Any CPU = Debug|Any CPU
		Release|Any CPU = Release|Any CPU
	EndGlobalSection
	GlobalSection(ProjectConfigurationPlatforms) = postSolution
		{1B3512B3-743E-4E51-94F1-C9755B9B807D}.Debug|Any CPU.ActiveCfg = Debug|Any CPU
		{1B3512B3-743E-4E51-94F1-C9755B9B807D}.Debug|Any CPU.Build.0 = Debug|Any CPU
		{1B3512B3-743E-4E51-94F1-C9755B9B807D}.Release|Any CPU.ActiveCfg = Release|Any CPU
		{1B3512B3-743E-4E51-94F1-C9755B9B807D}.Release|Any CPU.Build.0 = Release|Any CPU
	EndGlobalSection
	GlobalSection(SolutionProperties) = preSolution
		HideSolutionNode = FALSE
	EndGlobalSection
	GlobalSection(ExtensibilityGlobals) = postSolution
		SolutionGuid = {E42C16B1-1447-4F46-9F76-7FDF5CF2E695}
	EndGlobalSection
EndGlobal
